<?xml version="1.0" encoding="UTF-8" standalone="yes" ?>
<CodeBlocks_project_file>
	<FileVersion major="1" minor="6" />
	<Project>
		<Option title="Pizzaverk1" />
		<Option pch_mode="2" />
		<Option compiler="gcc" />
		<Build>
			<Target title="Debug">
				<Option output="bin/Debug/Pizzaverk1" prefix_auto="1" extension_auto="1" />
				<Option object_output="obj/Debug/" />
				<Option type="1" />
				<Option compiler="gcc" />
				<Compiler>
					<Add option="-g" />
					<Add directory="include" />
				</Compiler>
			</Target>
			<Target title="Release">
				<Option output="bin/Release/Pizzaverk1" prefix_auto="1" extension_auto="1" />
				<Option object_output="obj/Release/" />
				<Option type="1" />
				<Option compiler="gcc" />
				<Compiler>
					<Add option="-O2" />
					<Add directory="include" />
				</Compiler>
				<Linker>
					<Add option="-s" />
				</Linker>
			</Target>
		</Build>
		<Compiler>
			<Add option="-Wall" />
			<Add option="-fexceptions" />
		</Compiler>
		<Unit filename="include/AdminUI.h" />
		<Unit filename="include/LineFinder.h" />
		<Unit filename="include/MainUI.h" />
		<Unit filename="include/Order.h" />
		<Unit filename="include/Pizza.h" />
		<Unit filename="include/PizzaType.h" />
		<Unit filename="include/SalespersonUI.h" />
		<Unit filename="include/Topping.h" />
		<Unit filename="main.cpp" />
		<Unit filename="src/AdminUI.cpp" />
		<Unit filename="src/LineFinder.cpp" />
		<Unit filename="src/MainUI.cpp" />
		<Unit filename="src/Order.cpp" />
		<Unit filename="src/Pizza.cpp" />
		<Unit filename="src/PizzaType.cpp" />
		<Unit filename="src/SalespersonUI.cpp" />
		<Unit filename="src/Topping.cpp" />
		<Extensions>
			<code_completion />
			<envvars />
			<debugger />
			<lib_finder disable_auto="1" />
		</Extensions>
	</Project>
</CodeBlocks_project_file>
